
Microsoft Visual Studio Solution File, Format Version 12.00
# Visual Studio 15
VisualStudioVersion = 15.0.28307.852
MinimumVisualStudioVersion = 10.0.40219.1
Project("{FAE04EC0-301F-11D3-BF4B-00C04F79EFBC}") = "CS_Part2_Lesson1", "CS_Part2_Lesson1\CS_Part2_Lesson1.csproj", "{BB782CCF-5177-45A7-A796-92E82EE0C313}"
EndProject
Global
	GlobalSection(SolutionConfigurationPlatforms) = preSolution
		Debug|Any CPU = Debug|Any CPU
		Release|Any CPU = Release|Any CPU
	EndGlobalSection
	GlobalSection(ProjectConfigurationPlatforms) = postSolution
		{BB782CCF-5177-45A7-A796-92E82EE0C313}.Debug|Any CPU.ActiveCfg = Debug|Any CPU
		{BB782CCF-5177-45A7-A796-92E82EE0C313}.Debug|Any CPU.Build.0 = Debug|Any CPU
		{BB782CCF-5177-45A7-A796-92E82EE0C313}.Release|Any CPU.ActiveCfg = Release|Any CPU
		{BB782CCF-5177-45A7-A796-92E82EE0C313}.Release|Any CPU.Build.0 = Release|Any CPU
	EndGlobalSection
	GlobalSection(SolutionProperties) = preSolution
		HideSolutionNode = FALSE
	EndGlobalSection
	GlobalSection(ExtensibilityGlobals) = postSolution
		SolutionGuid = {855471E5-2AC3-403F-B3FF-E94DCFB41906}
	EndGlobalSection
EndGlobal
